# THIS IS AN AUTOGENERATED FILE. DO NOT EDIT THIS FILE DIRECTLY.
# yarn lockfile v1


debug@^4.3.4:
  version "4.3.6"
  resolved "https://registry.yarnpkg.com/debug/-/debug-4.3.6.tgz#2ab2c38fbaffebf8aa95fdfe6d88438c7a13c52b"
  integrity sha512-O/09Bd4Z1fBrU4VzkhFqVgpPzaGbw6Sm9FEkBT1A/YBXQFGuuSxa1dN2nxgxS34JmKXqYx8CZAwEVoJFImUXIg==
  dependencies:
    ms "2.1.2"

electron-screenshots@^0.5.26:
  version "0.5.26"
  resolved "https://registry.yarnpkg.com/electron-screenshots/-/electron-screenshots-0.5.26.tgz#d5e14cf11271adbd0e7f961cbe926c139d87a5d2"
  integrity sha512-btr1S8arUt+rqVjgiY4+hdi9DQJGCYHG9x0A3n3rrJvCaet7XnRRnEULXDLtY86CZHeg7JsQzeMdQ4Lj2Bu8lQ==
  dependencies:
    debug "^4.3.4"
    fs-extra "^11.1.1"
    node-screenshots "^0.1.9"
    react-screenshots "^0.5.22"

fs-extra@^11.1.1:
  version "11.2.0"
  resolved "https://registry.yarnpkg.com/fs-extra/-/fs-extra-11.2.0.tgz#e70e17dfad64232287d01929399e0ea7c86b0e5b"
  integrity sha512-PmDi3uwK5nFuXh7XDTlVnS17xJS7vW36is2+w3xcv8SVxiB4NyATf4ctkVY5bkSjX0Y4nbvZCq1/EjtEyr9ktw==
  dependencies:
    graceful-fs "^4.2.0"
    jsonfile "^6.0.1"
    universalify "^2.0.0"

graceful-fs@^4.1.6, graceful-fs@^4.2.0:
  version "4.2.11"
  resolved "https://registry.yarnpkg.com/graceful-fs/-/graceful-fs-4.2.11.tgz#4183e4e8bf08bb6e05bbb2f7d2e0c8f712ca40e3"
  integrity sha512-RbJ5/jmFcNNCcDV5o9eTnBLJ/HszWV0P73bc+Ff4nS/rJj+YaS6IGyiOL0VoBYX+l1Wrl3k63h/KrH+nhJ0XvQ==

jsonfile@^6.0.1:
  version "6.1.0"
  resolved "https://registry.yarnpkg.com/jsonfile/-/jsonfile-6.1.0.tgz#bc55b2634793c679ec6403094eb13698a6ec0aae"
  integrity sha512-5dgndWOriYSm5cnYaJNhalLNDKOqFwyDB/rr1E9ZsGciGvKPs8R2xYGCacuf3z6K1YKDz182fd+fY3cn3pMqXQ==
  dependencies:
    universalify "^2.0.0"
  optionalDependencies:
    graceful-fs "^4.1.6"

ms@2.1.2:
  version "2.1.2"
  resolved "https://registry.yarnpkg.com/ms/-/ms-2.1.2.tgz#d09d1f357b443f493382a8eb3ccd183872ae6009"
  integrity sha512-sGkPx+VjMtmA6MX27oA4FBFELFCZZ4S4XqeGOXCv68tT+jb3vk/RyaKWP0PTKyWtmLSM0b+adUTEvbs1PEaH2w==

node-screenshots-darwin-arm64@0.1.9:
  version "0.1.9"
  resolved "https://registry.yarnpkg.com/node-screenshots-darwin-arm64/-/node-screenshots-darwin-arm64-0.1.9.tgz#4413a62570eb662cb259fffcca504ab3cef2a0e5"
  integrity sha512-zDhuui2hsgUA5FyL1wQQ9c2lPbvqmJzi45g7J+sxEmDDvRjmVv+92wTuiWuERiVAIkpjN2h+f2IR3HtOgHJHXw==

node-screenshots-darwin-universal@0.1.9:
  version "0.1.9"
  resolved "https://registry.yarnpkg.com/node-screenshots-darwin-universal/-/node-screenshots-darwin-universal-0.1.9.tgz#2d0a5e9cf40dfca5ac9f734c816715db350e7ab5"
  integrity sha512-4SbvokC/GvOTzYDQzcFa39c02mxWzvhIRT72J9ys82HcKgmeWWbVih2atLUvFONQrSnMt+pxrCUBqFiJVawcyQ==

node-screenshots-darwin-x64@0.1.9:
  version "0.1.9"
  resolved "https://registry.yarnpkg.com/node-screenshots-darwin-x64/-/node-screenshots-darwin-x64-0.1.9.tgz#9883cfd35f5753913f05183dd653708977964717"
  integrity sha512-/+VYlLVbsoYYmV/by+oPZY7aUfwF02dyl0rWUxM+xaGn80o55zht05B4UaIN8vcuBByunsGv2gybECT6Gk74PA==

node-screenshots-linux-x64-gnu@0.1.9:
  version "0.1.9"
  resolved "https://registry.yarnpkg.com/node-screenshots-linux-x64-gnu/-/node-screenshots-linux-x64-gnu-0.1.9.tgz#21368912ce5234b428bcfb539f3140664130e0f1"
  integrity sha512-n7uTdNJCMqJ3tEMRq0wAOsq8qiK8cbOV+fqDgaQnlFLY+5PTxH67r09r41CJdWwX5sGeDsKHguosh7ZcGte+TA==

node-screenshots-linux-x64-musl@0.1.9:
  version "0.1.9"
  resolved "https://registry.yarnpkg.com/node-screenshots-linux-x64-musl/-/node-screenshots-linux-x64-musl-0.1.9.tgz#9eddb506a82f62ccbdf450d1b5ece2d414c1c718"
  integrity sha512-zOIv5rIpL+ndWH0XWLrJOIELxh4P96WcE1omaql2oeWleS4EGwb0VqVJLhjadiMm1YROq8nvp8Vxz850nw5XPQ==

node-screenshots-win32-arm64-msvc@0.1.9:
  version "0.1.9"
  resolved "https://registry.yarnpkg.com/node-screenshots-win32-arm64-msvc/-/node-screenshots-win32-arm64-msvc-0.1.9.tgz#c165c10230362cb5cdf3a106bc730965ef1b0382"
  integrity sha512-wBw6SsRSKcLMyM3zTx38rzPJ1l5MjDvveWbacpkSkOXmlMMknhDr7wOsDM/VvbBV9RnEid6+AJ25gXc35HJrcA==

node-screenshots-win32-ia32-msvc@0.1.9:
  version "0.1.9"
  resolved "https://registry.yarnpkg.com/node-screenshots-win32-ia32-msvc/-/node-screenshots-win32-ia32-msvc-0.1.9.tgz#5cfc18e4a667d350c52d019be0493908b5e844de"
  integrity sha512-uZW5gbKV6Hrmk2tafoAyHnn48cJ0LWRsSh8HQjiOjyeYd2E29ubPczhlt7NhAxr7ZUCzDeOigEZYm+VV2HCTrg==

node-screenshots-win32-x64-msvc@0.1.9:
  version "0.1.9"
  resolved "https://registry.yarnpkg.com/node-screenshots-win32-x64-msvc/-/node-screenshots-win32-x64-msvc-0.1.9.tgz#faacca9a952eef00ec51b061c62896d507958811"
  integrity sha512-9HR/YaYwAImHeuptFtnQuP4/JI9OxfcqQlLiK1XgYwH18eTnv49ukG09MbDAiHvXXWYxQK3Q5w2H7da7FCoCWA==

node-screenshots@^0.1.9:
  version "0.1.9"
  resolved "https://registry.yarnpkg.com/node-screenshots/-/node-screenshots-0.1.9.tgz#c6a17657def4dd12ffaa9fe9832ae0154d571196"
  integrity sha512-9f6yV/e7LU0KWkOJAQNR6GTEtnbnSaZKf9ukkF1VDJk0qj3aIcedQqYtd92IdEK8chVg+YbMfSuchlhq8iHI0Q==
  optionalDependencies:
    node-screenshots-darwin-arm64 "0.1.9"
    node-screenshots-darwin-universal "0.1.9"
    node-screenshots-darwin-x64 "0.1.9"
    node-screenshots-linux-x64-gnu "0.1.9"
    node-screenshots-linux-x64-musl "0.1.9"
    node-screenshots-win32-arm64-msvc "0.1.9"
    node-screenshots-win32-ia32-msvc "0.1.9"
    node-screenshots-win32-x64-msvc "0.1.9"

react-screenshots@^0.5.22:
  version "0.5.22"
  resolved "https://registry.yarnpkg.com/react-screenshots/-/react-screenshots-0.5.22.tgz#2d974189d2d2df74388a4a19482fd1c956641837"
  integrity sha512-aooIlb1k6161BTqhhyADlMrlF0n1UdudjuhyvXaCQfwURXZNuUerMxFuOfwNCgSbPAHlxdHCWtYQ6iQT+RaF+w==

universalify@^2.0.0:
  version "2.0.1"
  resolved "https://registry.yarnpkg.com/universalify/-/universalify-2.0.1.tgz#168efc2180964e6386d061e094df61afe239b18d"
  integrity sha512-gptHNQghINnc/vTGIk0SOFGFNXw7JVrlRUtConJRlvaw6DuX0wO5Jeko9sWrMBhh+PsYAZ7oXAiOnf/UKogyiw==
